
Microsoft Visual Studio Solution File, Format Version 12.00
# Visual Studio 14
VisualStudioVersion = 14.0.25420.1
MinimumVisualStudioVersion = 10.0.40219.1
Project("{FAE04EC0-301F-11D3-BF4B-00C04F79EFBC}") = "Dict-Ref", "Dict-Ref\Dict-Ref.csproj", "{F43A9468-17E3-41A7-B27E-9862F5D400AF}"
EndProject
Global
	GlobalSection(SolutionConfigurationPlatforms) = preSolution
		Debug|Any CPU = Debug|Any CPU
		Release|Any CPU = Release|Any CPU
	EndGlobalSection
	GlobalSection(ProjectConfigurationPlatforms) = postSolution
		{F43A9468-17E3-41A7-B27E-9862F5D400AF}.Debug|Any CPU.ActiveCfg = Debug|Any CPU
		{F43A9468-17E3-41A7-B27E-9862F5D400AF}.Debug|Any CPU.Build.0 = Debug|Any CPU
		{F43A9468-17E3-41A7-B27E-9862F5D400AF}.Release|Any CPU.ActiveCfg = Release|Any CPU
		{F43A9468-17E3-41A7-B27E-9862F5D400AF}.Release|Any CPU.Build.0 = Release|Any CPU
	EndGlobalSection
	GlobalSection(SolutionProperties) = preSolution
		HideSolutionNode = FALSE
	EndGlobalSection
EndGlobal
