
Microsoft Visual Studio Solution File, Format Version 12.00
# Visual Studio 14
VisualStudioVersion = 14.0.25420.1
MinimumVisualStudioVersion = 10.0.40219.1
Project("{FAE04EC0-301F-11D3-BF4B-00C04F79EFBC}") = "Optimized Banking System", "Optimized Banking System\Optimized Banking System.csproj", "{9965C6C9-9BBB-4445-86C3-5CC4570D733E}"
EndProject
Global
	GlobalSection(SolutionConfigurationPlatforms) = preSolution
		Debug|Any CPU = Debug|Any CPU
		Release|Any CPU = Release|Any CPU
	EndGlobalSection
	GlobalSection(ProjectConfigurationPlatforms) = postSolution
		{9965C6C9-9BBB-4445-86C3-5CC4570D733E}.Debug|Any CPU.ActiveCfg = Debug|Any CPU
		{9965C6C9-9BBB-4445-86C3-5CC4570D733E}.Debug|Any CPU.Build.0 = Debug|Any CPU
		{9965C6C9-9BBB-4445-86C3-5CC4570D733E}.Release|Any CPU.ActiveCfg = Release|Any CPU
		{9965C6C9-9BBB-4445-86C3-5CC4570D733E}.Release|Any CPU.Build.0 = Release|Any CPU
	EndGlobalSection
	GlobalSection(SolutionProperties) = preSolution
		HideSolutionNode = FALSE
	EndGlobalSection
EndGlobal
